Microsoft Visual Studio Solution File, Format Version 12.00
# Visual Studio 14
VisualStudioVersion = 14.0.25029.0
MinimumVisualStudioVersion = 10.0.40219.1
Project("{2150E333-8FDC-42A3-9474-1A3956D46DE8}") = ".solution", ".solution", "{5F85020D-242A-4318-86E8-6534414B69D0}"
	ProjectSection(SolutionItems) = preProject
		.editorconfig = .editorconfig
		.gitattributes = .gitattributes
		.gitignore = .gitignore
		Build.ps1 = Build.ps1
		License.md = License.md
		nuget.config = nuget.config
		Readme.md = Readme.md
		TerraFX.nunit = TerraFX.nunit
		TerraFX.snk = TerraFX.snk
	EndProjectSection
EndProject
Project("{2150E333-8FDC-42A3-9474-1A3956D46DE8}") = ".targets", ".targets", "{CF65E456-3E26-41EF-B1C4-7868A5C27CE3}"
EndProject
Project("{2150E333-8FDC-42A3-9474-1A3956D46DE8}") = "Common", "Common", "{835D17EA-0C85-4BC2-A716-358B12D1042A}"
	ProjectSection(SolutionItems) = preProject
		.targets\Common\TerraFX.Common.props = .targets\Common\TerraFX.Common.props
		.targets\Common\TerraFX.Common.targets = .targets\Common\TerraFX.Common.targets
	EndProjectSection
EndProject
Project("{2150E333-8FDC-42A3-9474-1A3956D46DE8}") = "Portable", "Portable", "{003D7BAF-F7CB-4BC8-A009-B92BAA9F693B}"
	ProjectSection(SolutionItems) = preProject
		.targets\Portable\TerraFX.Portable.props = .targets\Portable\TerraFX.Portable.props
		.targets\Portable\TerraFX.Portable.targets = .targets\Portable\TerraFX.Portable.targets
	EndProjectSection
EndProject
Global
	GlobalSection(SolutionProperties) = preSolution
		HideSolutionNode = FALSE
	EndGlobalSection
	GlobalSection(NestedProjects) = preSolution
		{835D17EA-0C85-4BC2-A716-358B12D1042A} = {CF65E456-3E26-41EF-B1C4-7868A5C27CE3}
		{003D7BAF-F7CB-4BC8-A009-B92BAA9F693B} = {CF65E456-3E26-41EF-B1C4-7868A5C27CE3}
	EndGlobalSection
EndGlobal
